<?xml version="1.0" encoding="UTF-8" standalone="yes" ?>
<CodeBlocks_project_file>
	<FileVersion major="1" minor="6" />
	<Project>
		<Option title="controllerLogic" />
		<Option pch_mode="2" />
		<Option compiler="gnu_gcc_compiler_for_tricore_v4661" />
		<MakeCommands>
			<Build command="" />
			<CompileFile command="" />
			<Clean command="" />
			<DistClean command="" />
			<AskRebuildNeeded command="" />
			<SilentBuild command=" &gt; $(CMD_NULL)" />
		</MakeCommands>
		<Build>
			<Target title="controllerLogic">
				<Option output="../result/$(TARGET_NAME).elf" prefix_auto="0" extension_auto="0" />
				<Option object_output="../temp/$(TARGET_NAME)" />
				<Option type="1" />
				<Option compiler="tricore-gcc" />
				<Compiler>
					<Add option="-maligned-data-sections" />
					<Add option="-fno-schedule-insns2" />
					<Add option="-Os" />
					<Add option="-fno-common" />
					<Add option="-Wall" />
					<Add option="-Wstrict-prototypes" />
					<Add option="-W" />
					<Add option="-g2" />
					<Add option="-mcpu=tc1798" />
					<Add option="-x c" />
					<Add option="-DCONTROLLER_3CS" />
					<Add directory="../src/HAL/ESX_3CS_HAL" />
				</Compiler>
				<Linker>
					<Add option="-mcpu=tc1798" />
					<Add option="-nocrt0" />
					<Add option="-Wl,--warn-orphan" />
					<Add option="-Wl,--mem-holes" />
					<Add option="-Wl,--extmap=a" />
					<Add option="-T ..\libs\esx3cs_bios\esx3cs_link_intflash.ld" />
					<Add option="-Wl,-Map=..\result\$(TARGET_NAME).map" />
					<Add library="../libs/esx3cs_osy/libesx3cs_osy_server.a" />
					<Add library="../libs/esx3cs_bios/libesx3cs.a" />
					<Add directory="../libs/esx3cs_bios" />
					<Add directory="../libs/isobus/3Cx" />
				</Linker>
				<ExtraCommands>
					<Add after="tricore-objcopy -O ihex  ..\result\$(TARGET_NAME).elf ..\result\interim_result.hex" />
					<Add after="..\bat\signature\openSYDEFlashSignatureGenerator.exe -i ..\result\interim_result.hex -o ..\result\$(TARGET_NAME).hex" />
				</ExtraCommands>
			</Target>
		</Build>
		<Unit filename="../src/can_j1939.c">
			<Option compilerVar="CC" />
		</Unit>
		<Unit filename="../src/can_j1939.h" />
		<Unit filename="../src/can_j1939_user.c">
			<Option compilerVar="CC" />
		</Unit>
		<Unit filename="../src/can_j1939_user.h" />
		<Unit filename="../src/main.c">
			<Option compilerVar="CC" />
		</Unit>
		<Unit filename="../src/main.h" />
		<Extensions>
			<DoxyBlocks>
				<comment_style block="0" line="0" />
				<doxyfile_project />
				<doxyfile_build extract_all="1" />
				<doxyfile_warnings warn_if_undocumented="1" />
				<doxyfile_output html_help="1" />
				<doxyfile_dot />
				<general />
			</DoxyBlocks>
		</Extensions>
	</Project>
</CodeBlocks_project_file>
