<?xml version="1.0" encoding="UTF-8" standalone="yes" ?>
<CodeBlocks_project_file>
	<FileVersion major="1" minor="6" />
	<Project>
		<Option title="controllerLogic" />
		<Option pch_mode="2" />
		<Option compiler="gnu_gcc_compiler_for_tricore_v4661" />
		<Build>
			<Target title="controllerLogic">
				<Option output="../result/$(TARGET_NAME).elf" prefix_auto="0" extension_auto="0" />
				<Option object_output="../temp/$(TARGET_NAME)" />
				<Option type="1" />
				<Option compiler="tricore-gcc" />
				<Compiler>
					<Add option="-maligned-data-sections" />
					<Add option="-fno-schedule-insns2" />
					<Add option="-Os" />
					<Add option="-fno-common" />
					<Add option="-Wall" />
					<Add option="-Wstrict-prototypes" />
					<Add option="-W" />
					<Add option="-g2" />
					<Add option="-mcpu=tc1798" />
					<Add option="-x c" />
					<Add option="-DCONTROLLER_3CS" />
					<Add directory="../src/VT_Client_Interface" />
					<Add directory="../src/HAL/ESX_3CS_HAL" />
				</Compiler>
				<Linker>
					<Add option="-mcpu=tc1798" />
					<Add option="-nocrt0" />
					<Add option="-Wl,--warn-orphan" />
					<Add option="-Wl,--mem-holes" />
					<Add option="-Wl,--extmap=a" />
					<Add option="-T ..\libs\esx3cs_bios\esx3cs_link_intflash.ld" />
					<Add option="-Wl,-Map=..\result\$(TARGET_NAME).map" />
					<Add library="../libs/esx3cs_osy/libesx3cs_osy_server.a" />
					<Add library="../libs/esx3cs_bios/libesx3cs.a" />
					<Add directory="../libs/esx3cs_bios" />
					<Add directory="../libs/isobus/3Cx" />
				</Linker>
				<ExtraCommands>
					<Add after="tricore-objcopy -O ihex  ..\result\$(TARGET_NAME).elf ..\result\interim_result.hex" />
					<Add after="..\bat\signature\openSYDEFlashSignatureGenerator.exe -i ..\result\interim_result.hex -o ..\result\$(TARGET_NAME).hex" />
				</ExtraCommands>
			</Target>
		</Build>
		<Compiler>
			<Add option="-maligned-data-sections" />
			<Add option="-fno-schedule-insns2" />
			<Add option="-Os" />
			<Add option="-fno-common" />
			<Add option="-Wall" />
			<Add option="-Wstrict-prototypes" />
			<Add option="-W" />
			<Add option="-g2" />
			<Add option="-mcpu=tc1798" />
			<Add option="-x c" />
			<Add option="-DCONTROLLER_3CS" />
			<Add directory="../src/VT_Client_Interface" />
			<Add directory="../src/HAL/ESX_3CS_HAL" />
		</Compiler>
		<Linker>
			<Add option="-mcpu=tc1798" />
			<Add option="-nocrt0" />
			<Add option="-Wl,--warn-orphan" />
			<Add option="-Wl,--mem-holes" />
			<Add option="-Wl,--extmap=a" />
			<Add option="-T ..\libs\esx3cs_bios\esx3cs_link_intflash.ld" />
			<Add option="-Wl,-Map=..\result\$(TARGET_NAME).map" />
			<Add library="../libs/esx3cs_osy/libesx3cs_osy_server.a" />
			<Add library="../libs/esx3cs_bios/libesx3cs.a" />
			<Add directory="../libs/esx3cs_bios" />
			<Add directory="../libs/isobus/3Cx" />
		</Linker>
		<ExtraCommands>
			<Add after="tricore-objcopy -O ihex  ..\result\$(TARGET_NAME).elf ..\result\interim_result.hex" />
			<Add after="..\bat\signature\openSYDEFlashSignatureGenerator.exe -i ..\result\interim_result.hex -o ..\result\$(TARGET_NAME).hex" />
		</ExtraCommands>
		<Unit filename="../libs/esx3cs_bios/hpp/intrinsics.hpp" />
		<Unit filename="../libs/esx3cs_bios/hpp/x_can.hpp" />
		<Unit filename="../libs/esx3cs_bios/hpp/x_can_types.hpp" />
		<Unit filename="../libs/esx3cs_bios/hpp/x_eep.hpp" />
		<Unit filename="../libs/esx3cs_bios/hpp/x_eep_types.hpp" />
		<Unit filename="../libs/esx3cs_bios/hpp/x_eth.hpp" />
		<Unit filename="../libs/esx3cs_bios/hpp/x_in.hpp" />
		<Unit filename="../libs/esx3cs_bios/hpp/x_lib.hpp" />
		<Unit filename="../libs/esx3cs_bios/hpp/x_lin.hpp" />
		<Unit filename="../libs/esx3cs_bios/hpp/x_lin_types.hpp" />
		<Unit filename="../libs/esx3cs_bios/hpp/x_mpu.hpp" />
		<Unit filename="../libs/esx3cs_bios/hpp/x_mpu_types.hpp" />
		<Unit filename="../libs/esx3cs_bios/hpp/x_os.hpp" />
		<Unit filename="../libs/esx3cs_bios/hpp/x_os_mbox.hpp" />
		<Unit filename="../libs/esx3cs_bios/hpp/x_os_mutex.hpp" />
		<Unit filename="../libs/esx3cs_bios/hpp/x_os_sema.hpp" />
		<Unit filename="../libs/esx3cs_bios/hpp/x_os_signal.hpp" />
		<Unit filename="../libs/esx3cs_bios/hpp/x_os_types.hpp" />
		<Unit filename="../libs/esx3cs_bios/hpp/x_osf.hpp" />
		<Unit filename="../libs/esx3cs_bios/hpp/x_out.hpp" />
		<Unit filename="../libs/esx3cs_bios/hpp/x_out_relay.hpp" />
		<Unit filename="../libs/esx3cs_bios/hpp/x_ser.hpp" />
		<Unit filename="../libs/esx3cs_bios/hpp/x_ser_types.hpp" />
		<Unit filename="../libs/esx3cs_bios/hpp/x_ssv.hpp" />
		<Unit filename="../libs/esx3cs_bios/hpp/x_sys.hpp" />
		<Unit filename="../libs/esx3cs_bios/hpp/x_t_in_sent.hpp" />
		<Unit filename="../libs/esx3cs_bios/hpp/x_tim.hpp" />
		<Unit filename="../libs/esx3cs_bios/hpp/x_uti.hpp" />
		<Unit filename="../libs/esx3cs_bios/intrinsics.h" />
		<Unit filename="../libs/esx3cs_bios/memtypes.h" />
		<Unit filename="../libs/esx3cs_bios/stdtypes.h" />
		<Unit filename="../libs/esx3cs_bios/stwerrors.h" />
		<Unit filename="../libs/esx3cs_bios/stwtypes.h" />
		<Unit filename="../libs/esx3cs_bios/x_can.h" />
		<Unit filename="../libs/esx3cs_bios/x_can_types.h" />
		<Unit filename="../libs/esx3cs_bios/x_eep.h" />
		<Unit filename="../libs/esx3cs_bios/x_eep_types.h" />
		<Unit filename="../libs/esx3cs_bios/x_esx3cs.h" />
		<Unit filename="../libs/esx3cs_bios/x_eth.h" />
		<Unit filename="../libs/esx3cs_bios/x_eth_types.h" />
		<Unit filename="../libs/esx3cs_bios/x_in.h" />
		<Unit filename="../libs/esx3cs_bios/x_lib.h" />
		<Unit filename="../libs/esx3cs_bios/x_lin.h" />
		<Unit filename="../libs/esx3cs_bios/x_lin_types.h" />
		<Unit filename="../libs/esx3cs_bios/x_memclass.h" />
		<Unit filename="../libs/esx3cs_bios/x_mpu.h" />
		<Unit filename="../libs/esx3cs_bios/x_mpu_types.h" />
		<Unit filename="../libs/esx3cs_bios/x_os.h" />
		<Unit filename="../libs/esx3cs_bios/x_os_mbox.h" />
		<Unit filename="../libs/esx3cs_bios/x_os_mutex.h" />
		<Unit filename="../libs/esx3cs_bios/x_os_sema.h" />
		<Unit filename="../libs/esx3cs_bios/x_os_signal.h" />
		<Unit filename="../libs/esx3cs_bios/x_os_types.h" />
		<Unit filename="../libs/esx3cs_bios/x_osf.h" />
		<Unit filename="../libs/esx3cs_bios/x_out.h" />
		<Unit filename="../libs/esx3cs_bios/x_out_relay.h" />
		<Unit filename="../libs/esx3cs_bios/x_ser.h" />
		<Unit filename="../libs/esx3cs_bios/x_ser_types.h" />
		<Unit filename="../libs/esx3cs_bios/x_ssv.h" />
		<Unit filename="../libs/esx3cs_bios/x_stdtypes.h" />
		<Unit filename="../libs/esx3cs_bios/x_sys.h" />
		<Unit filename="../libs/esx3cs_bios/x_sys_adc.h" />
		<Unit filename="../libs/esx3cs_bios/x_t_in_sent.h" />
		<Unit filename="../libs/esx3cs_bios/x_tim.h" />
		<Unit filename="../libs/esx3cs_bios/x_uti.h" />
		<Unit filename="../libs/esx3cs_osy/osy_com_cl2_driver.h" />
		<Unit filename="../libs/esx3cs_osy/osy_com_configuration.h" />
		<Unit filename="../libs/esx3cs_osy/osy_com_eces_driver.h" />
		<Unit filename="../libs/esx3cs_osy/osy_com_ecos_driver.h" />
		<Unit filename="../libs/esx3cs_osy/osy_com_engine.h" />
		<Unit filename="../libs/esx3cs_osy/osy_com_trg_definitions.h" />
		<Unit filename="../libs/esx3cs_osy/osy_com_trg_if.h" />
		<Unit filename="../libs/esx3cs_osy/osy_ctp_messageprocessor.h" />
		<Unit filename="../libs/esx3cs_osy/osy_ctp_router.h" />
		<Unit filename="../libs/esx3cs_osy/osy_ctp_trg.h" />
		<Unit filename="../libs/esx3cs_osy/osy_ctp_trg_if.h" />
		<Unit filename="../libs/esx3cs_osy/osy_dpa_application_event_handler_if.h" />
		<Unit filename="../libs/esx3cs_osy/osy_dpa_data_pool.h" />
		<Unit filename="../libs/esx3cs_osy/osy_dpa_trg_data_protector.h" />
		<Unit filename="../libs/esx3cs_osy/osy_dpa_trg_definitions.h" />
		<Unit filename="../libs/esx3cs_osy/osy_dpd_data.h" />
		<Unit filename="../libs/esx3cs_osy/osy_dpd_driver.h" />
		<Unit filename="../libs/esx3cs_osy/osy_dpd_eventdriventransmissionhandler.h" />
		<Unit filename="../libs/esx3cs_osy/osy_dph_data_pool_protector.h" />
		<Unit filename="../libs/esx3cs_osy/osy_dph_data_set_handler.h" />
		<Unit filename="../libs/esx3cs_osy/osy_dph_init.h" />
		<Unit filename="../libs/esx3cs_osy/osy_dph_nvm_handler.h" />
		<Unit filename="../libs/esx3cs_osy/osy_dph_value_range_handler.h" />
		<Unit filename="../libs/esx3cs_osy/osy_etp_messageprocessor.h" />
		<Unit filename="../libs/esx3cs_osy/osy_etp_trg.h" />
		<Unit filename="../libs/esx3cs_osy/osy_etp_trg_if.h" />
		<Unit filename="../libs/esx3cs_osy/osy_trg_init.h" />
		<Unit filename="../libs/esx3cs_osy/osy_udc_global_init.h" />
		<Unit filename="../libs/esx3cs_osy/osy_uds_connectionhandler.h" />
		<Unit filename="../libs/esx3cs_osy/osy_uds_globals.h" />
		<Unit filename="../libs/esx3cs_osy/osy_uds_sessionengine.h" />
		<Unit filename="../libs/isobus/Foundation.h" />
		<Unit filename="../libs/isobus/Platform.h" />
		<Unit filename="../libs/isobus/TCClient.h" />
		<Unit filename="../libs/isobus/VIRTEC_STW.h" />
		<Unit filename="../libs/isobus/VTClient.h" />
		<Unit filename="../libs/tc1798_sepi_j1939/library/j1939.h" />
		<Unit filename="../libs/tc1798_sepi_j1939/library/j1939_config.h" />
		<Unit filename="../libs/tc1798_sepi_j1939/library/j1939_dm1.h" />
		<Unit filename="../libs/tc1798_sepi_j1939/library/j1939_dm2.h" />
		<Unit filename="../libs/tc1798_sepi_j1939/library/j1939_dm3.h" />
		<Unit filename="../libs/tc1798_sepi_j1939/library/j1939_nm.h" />
		<Unit filename="../libs/tc1798_sepi_j1939/library/j1939_pg_rt_config.h" />
		<Unit filename="../libs/tc1798_sepi_j1939/library/j1939_pgn_types.h" />
		<Unit filename="../libs/tc1798_sepi_j1939/library/j1939_protocol_core.h" />
		<Unit filename="../libs/tc1798_sepi_j1939/library/j1939_spn.h" />
		<Unit filename="../libs/tc1798_sepi_j1939/library/j1939_stack_core.h" />
		<Unit filename="../libs/tc1798_sepi_j1939/library/j1939_target.h" />
		<Unit filename="../libs/tc1798_sepi_j1939/library/j1939_tp.h" />
		<Unit filename="../libs/tc1798_sepi_j1939/library/j1939_tp_bdt.h" />
		<Unit filename="../libs/tc1798_sepi_j1939/library/j1939_tp_cmdt.h" />
		<Unit filename="../libs/tc1798_sepi_j1939/standard_pgs/j1939_pgn_AMB.h" />
		<Unit filename="../libs/tc1798_sepi_j1939/standard_pgs/j1939_pgn_CCVS.h" />
		<Unit filename="../libs/tc1798_sepi_j1939/standard_pgs/j1939_pgn_CTL.h" />
		<Unit filename="../libs/tc1798_sepi_j1939/standard_pgs/j1939_pgn_DD.h" />
		<Unit filename="../libs/tc1798_sepi_j1939/standard_pgs/j1939_pgn_EBC1.h" />
		<Unit filename="../libs/tc1798_sepi_j1939/standard_pgs/j1939_pgn_EEC1.h" />
		<Unit filename="../libs/tc1798_sepi_j1939/standard_pgs/j1939_pgn_EEC2.h" />
		<Unit filename="../libs/tc1798_sepi_j1939/standard_pgs/j1939_pgn_EFLP1.h" />
		<Unit filename="../libs/tc1798_sepi_j1939/standard_pgs/j1939_pgn_EFLP12.h" />
		<Unit filename="../libs/tc1798_sepi_j1939/standard_pgs/j1939_pgn_EH.h" />
		<Unit filename="../libs/tc1798_sepi_j1939/standard_pgs/j1939_pgn_ERC1.h" />
		<Unit filename="../libs/tc1798_sepi_j1939/standard_pgs/j1939_pgn_ET.h" />
		<Unit filename="../libs/tc1798_sepi_j1939/standard_pgs/j1939_pgn_ET1.h" />
		<Unit filename="../libs/tc1798_sepi_j1939/standard_pgs/j1939_pgn_HOURS.h" />
		<Unit filename="../libs/tc1798_sepi_j1939/standard_pgs/j1939_pgn_IC1.h" />
		<Unit filename="../libs/tc1798_sepi_j1939/standard_pgs/j1939_pgn_LFC.h" />
		<Unit filename="../libs/tc1798_sepi_j1939/standard_pgs/j1939_pgn_LFE.h" />
		<Unit filename="../libs/tc1798_sepi_j1939/standard_pgs/j1939_pgn_RF.h" />
		<Unit filename="../libs/tc1798_sepi_j1939/standard_pgs/j1939_pgn_TC1.h" />
		<Unit filename="../libs/tc1798_sepi_j1939/standard_pgs/j1939_pgn_TI1.h" />
		<Unit filename="../libs/tc1798_sepi_j1939/standard_pgs/j1939_pgn_TRF1.h" />
		<Unit filename="../libs/tc1798_sepi_j1939/standard_pgs/j1939_pgn_TSC1.h" />
		<Unit filename="../libs/tc1798_sepi_j1939/standard_pgs/j1939_pgn_VEP1.h" />
		<Unit filename="../libs/tc1798_sepi_j1939/standard_pgs/j1939_pgn_WFI.h" />
		<Unit filename="../libs/tc1798_sepi_j1939/standard_pgs/j1939_pgn_XBR.h" />
		<Unit filename="../libs/tc1798_sepi_j1939/standard_pgs/j1939_pgn_cfg_AMB.c">
			<Option compilerVar="CC" />
		</Unit>
		<Unit filename="../libs/tc1798_sepi_j1939/standard_pgs/j1939_pgn_cfg_CCVS.c">
			<Option compilerVar="CC" />
		</Unit>
		<Unit filename="../libs/tc1798_sepi_j1939/standard_pgs/j1939_pgn_cfg_CTL.c">
			<Option compilerVar="CC" />
		</Unit>
		<Unit filename="../libs/tc1798_sepi_j1939/standard_pgs/j1939_pgn_cfg_DD.c">
			<Option compilerVar="CC" />
		</Unit>
		<Unit filename="../libs/tc1798_sepi_j1939/standard_pgs/j1939_pgn_cfg_EBC1.c">
			<Option compilerVar="CC" />
		</Unit>
		<Unit filename="../libs/tc1798_sepi_j1939/standard_pgs/j1939_pgn_cfg_EEC1.c">
			<Option compilerVar="CC" />
		</Unit>
		<Unit filename="../libs/tc1798_sepi_j1939/standard_pgs/j1939_pgn_cfg_EEC2.c">
			<Option compilerVar="CC" />
		</Unit>
		<Unit filename="../libs/tc1798_sepi_j1939/standard_pgs/j1939_pgn_cfg_EFLP1.c">
			<Option compilerVar="CC" />
		</Unit>
		<Unit filename="../libs/tc1798_sepi_j1939/standard_pgs/j1939_pgn_cfg_EFLP12.c">
			<Option compilerVar="CC" />
		</Unit>
		<Unit filename="../libs/tc1798_sepi_j1939/standard_pgs/j1939_pgn_cfg_EH.c">
			<Option compilerVar="CC" />
		</Unit>
		<Unit filename="../libs/tc1798_sepi_j1939/standard_pgs/j1939_pgn_cfg_ERC1.c">
			<Option compilerVar="CC" />
		</Unit>
		<Unit filename="../libs/tc1798_sepi_j1939/standard_pgs/j1939_pgn_cfg_ET.c">
			<Option compilerVar="CC" />
		</Unit>
		<Unit filename="../libs/tc1798_sepi_j1939/standard_pgs/j1939_pgn_cfg_ET1.c">
			<Option compilerVar="CC" />
		</Unit>
		<Unit filename="../libs/tc1798_sepi_j1939/standard_pgs/j1939_pgn_cfg_HOURS.c">
			<Option compilerVar="CC" />
		</Unit>
		<Unit filename="../libs/tc1798_sepi_j1939/standard_pgs/j1939_pgn_cfg_IC1.c">
			<Option compilerVar="CC" />
		</Unit>
		<Unit filename="../libs/tc1798_sepi_j1939/standard_pgs/j1939_pgn_cfg_LFC.c">
			<Option compilerVar="CC" />
		</Unit>
		<Unit filename="../libs/tc1798_sepi_j1939/standard_pgs/j1939_pgn_cfg_LFE.c">
			<Option compilerVar="CC" />
		</Unit>
		<Unit filename="../libs/tc1798_sepi_j1939/standard_pgs/j1939_pgn_cfg_RF.c">
			<Option compilerVar="CC" />
		</Unit>
		<Unit filename="../libs/tc1798_sepi_j1939/standard_pgs/j1939_pgn_cfg_TC1.c">
			<Option compilerVar="CC" />
		</Unit>
		<Unit filename="../libs/tc1798_sepi_j1939/standard_pgs/j1939_pgn_cfg_TI1.c">
			<Option compilerVar="CC" />
		</Unit>
		<Unit filename="../libs/tc1798_sepi_j1939/standard_pgs/j1939_pgn_cfg_TRF1.c">
			<Option compilerVar="CC" />
		</Unit>
		<Unit filename="../libs/tc1798_sepi_j1939/standard_pgs/j1939_pgn_cfg_TSC1.c">
			<Option compilerVar="CC" />
		</Unit>
		<Unit filename="../libs/tc1798_sepi_j1939/standard_pgs/j1939_pgn_cfg_VEP1.c">
			<Option compilerVar="CC" />
		</Unit>
		<Unit filename="../libs/tc1798_sepi_j1939/standard_pgs/j1939_pgn_cfg_WFI.c">
			<Option compilerVar="CC" />
		</Unit>
		<Unit filename="../libs/tc1798_sepi_j1939/standard_pgs/j1939_pgn_cfg_XBR.c">
			<Option compilerVar="CC" />
		</Unit>
		<Unit filename="../libs/tc1798_sepi_j1939/standard_pgs/j1939_standard_pgs.h" />
		<Unit filename="../libs/tc1798_sepi_j1939/templates/j1939_config.c">
			<Option compilerVar="CC" />
		</Unit>
		<Unit filename="../src/HAL/ESX_3CS_HAL/can_j1939_3CS.c">
			<Option compilerVar="CC" />
		</Unit>
		<Unit filename="../src/HAL/ESX_3CS_HAL/can_j1939_3CS.h" />
		<Unit filename="../src/IOMapping.h" />
		<Unit filename="../src/NVStorage.c">
			<Option compilerVar="CC" />
		</Unit>
		<Unit filename="../src/NVStorage.h" />
		<Unit filename="../src/ScheduleTasksHere.h" />
		<Unit filename="../src/Solution.c">
			<Option compilerVar="CC" />
		</Unit>
		<Unit filename="../src/Solution.h" />
		<Unit filename="../src/TaskScheduler.c">
			<Option compilerVar="CC" />
		</Unit>
		<Unit filename="../src/TaskScheduler.h" />
		<Unit filename="../src/Testing.c">
			<Option compilerVar="CC" />
		</Unit>
		<Unit filename="../src/Testing.h" />
		<Unit filename="../src/can_j1939.c">
			<Option compilerVar="CC" />
		</Unit>
		<Unit filename="../src/can_j1939.h" />
		<Unit filename="../src/can_j1939_user.c">
			<Option compilerVar="CC" />
		</Unit>
		<Unit filename="../src/can_j1939_user.h" />
		<Unit filename="../src/client/diagnostics_data_pool.c">
			<Option compilerVar="CC" />
		</Unit>
		<Unit filename="../src/client/diagnostics_data_pool.h" />
		<Unit filename="../src/client/osy_init.c">
			<Option compilerVar="CC" />
		</Unit>
		<Unit filename="../src/client/osy_init.h" />
		<Unit filename="../src/general.h" />
		<Unit filename="../src/j1939_user_parameters.c">
			<Option compilerVar="CC" />
		</Unit>
		<Unit filename="../src/j1939_user_parameters.h" />
		<Unit filename="../src/main.c">
			<Option compilerVar="CC" />
		</Unit>
		<Unit filename="../src/main.h" />
		<Unit filename="../src/platform_config.h" />
		<Unit filename="../src/server/osy_app_setup.c">
			<Option compilerVar="CC" />
		</Unit>
		<Unit filename="../src/server/osy_app_setup.h" />
		<Unit filename="../src/server/osy_dpa_application_event_handler.c">
			<Option compilerVar="CC" />
		</Unit>
		<Extensions>
			<DoxyBlocks>
				<comment_style block="0" line="0" />
				<doxyfile_project />
				<doxyfile_build extract_all="1" />
				<doxyfile_warnings warn_if_undocumented="1" />
				<doxyfile_output html_help="1" />
				<doxyfile_dot />
				<general />
			</DoxyBlocks>
		</Extensions>
	</Project>
</CodeBlocks_project_file>
